
Microsoft Visual Studio Solution File, Format Version 12.00
# Visual Studio Version 16
VisualStudioVersion = 16.0.30611.23
MinimumVisualStudioVersion = 10.0.40219.1
Project("{FAE04EC0-301F-11D3-BF4B-00C04F79EFBC}") = "homework2", "homework2\homework2.csproj", "{F530F407-4D83-4D35-B024-2D9ED79D8AB3}"
EndProject
Global
	GlobalSection(SolutionConfigurationPlatforms) = preSolution
		Debug|Any CPU = Debug|Any CPU
		Release|Any CPU = Release|Any CPU
	EndGlobalSection
	GlobalSection(ProjectConfigurationPlatforms) = postSolution
		{F530F407-4D83-4D35-B024-2D9ED79D8AB3}.Debug|Any CPU.ActiveCfg = Debug|Any CPU
		{F530F407-4D83-4D35-B024-2D9ED79D8AB3}.Debug|Any CPU.Build.0 = Debug|Any CPU
		{F530F407-4D83-4D35-B024-2D9ED79D8AB3}.Release|Any CPU.ActiveCfg = Release|Any CPU
		{F530F407-4D83-4D35-B024-2D9ED79D8AB3}.Release|Any CPU.Build.0 = Release|Any CPU
	EndGlobalSection
	GlobalSection(SolutionProperties) = preSolution
		HideSolutionNode = FALSE
	EndGlobalSection
	GlobalSection(ExtensibilityGlobals) = postSolution
		SolutionGuid = {E9F6214D-DD89-4250-B0B0-E6268932596C}
	EndGlobalSection
EndGlobal
